
Microsoft Visual Studio Solution File, Format Version 12.00
# Visual Studio Version 17
VisualStudioVersion = 17.9.34616.47
MinimumVisualStudioVersion = 10.0.40219.1
Project("{9A19103F-16F7-4668-BE54-9A1E7A4F7556}") = "Dent", "Dent.csproj", "{297F43F7-E473-43A8-A2B2-7A62E8960C00}"
EndProject
Global
	GlobalSection(SolutionConfigurationPlatforms) = preSolution
		Debug|Any CPU = Debug|Any CPU
		Release|Any CPU = Release|Any CPU
	EndGlobalSection
	GlobalSection(ProjectConfigurationPlatforms) = postSolution
		{297F43F7-E473-43A8-A2B2-7A62E8960C00}.Debug|Any CPU.ActiveCfg = Debug|Any CPU
		{297F43F7-E473-43A8-A2B2-7A62E8960C00}.Debug|Any CPU.Build.0 = Debug|Any CPU
		{297F43F7-E473-43A8-A2B2-7A62E8960C00}.Release|Any CPU.ActiveCfg = Release|Any CPU
		{297F43F7-E473-43A8-A2B2-7A62E8960C00}.Release|Any CPU.Build.0 = Release|Any CPU
	EndGlobalSection
	GlobalSection(SolutionProperties) = preSolution
		HideSolutionNode = FALSE
	EndGlobalSection
	GlobalSection(ExtensibilityGlobals) = postSolution
		SolutionGuid = {04266CDB-F45A-48B5-87C3-1930485E1154}
	EndGlobalSection
EndGlobal
